
Microsoft Visual Studio Solution File, Format Version 11.00
# Visual Studio 2010
Project("{FAE04EC0-301F-11D3-BF4B-00C04F79EFBC}") = "Profol", "Profol\Profol.csproj", "{4AD0E0FE-B479-40A7-B9FC-7C430D3A7916}"
EndProject
Project("{FAE04EC0-301F-11D3-BF4B-00C04F79EFBC}") = "Client", "Client\Client.csproj", "{EB343E9C-9C07-4EBD-B1C1-BB13A0EBA774}"
EndProject
Global
	GlobalSection(SolutionConfigurationPlatforms) = preSolution
		Debug|x86 = Debug|x86
		Release|x86 = Release|x86
	EndGlobalSection
	GlobalSection(ProjectConfigurationPlatforms) = postSolution
		{4AD0E0FE-B479-40A7-B9FC-7C430D3A7916}.Debug|x86.ActiveCfg = Debug|x86
		{4AD0E0FE-B479-40A7-B9FC-7C430D3A7916}.Debug|x86.Build.0 = Debug|x86
		{4AD0E0FE-B479-40A7-B9FC-7C430D3A7916}.Release|x86.ActiveCfg = Release|x86
		{4AD0E0FE-B479-40A7-B9FC-7C430D3A7916}.Release|x86.Build.0 = Release|x86
		{EB343E9C-9C07-4EBD-B1C1-BB13A0EBA774}.Debug|x86.ActiveCfg = Debug|x86
		{EB343E9C-9C07-4EBD-B1C1-BB13A0EBA774}.Debug|x86.Build.0 = Debug|x86
		{EB343E9C-9C07-4EBD-B1C1-BB13A0EBA774}.Release|x86.ActiveCfg = Release|x86
		{EB343E9C-9C07-4EBD-B1C1-BB13A0EBA774}.Release|x86.Build.0 = Release|x86
	EndGlobalSection
	GlobalSection(SolutionProperties) = preSolution
		HideSolutionNode = FALSE
	EndGlobalSection
EndGlobal
